
Microsoft Visual Studio Solution File, Format Version 12.00
# Visual Studio Version 16
VisualStudioVersion = 16.0.29326.143
MinimumVisualStudioVersion = 10.0.40219.1
Project("{FAE04EC0-301F-11D3-BF4B-00C04F79EFBC}") = "CodeCaseAutoIT", "CodeCaseAutoIT\CodeCaseAutoIT.csproj", "{DF36CC49-9EFC-41B2-82C5-30399ABAC27D}"
EndProject
Global
	GlobalSection(SolutionConfigurationPlatforms) = preSolution
		Debug|Any CPU = Debug|Any CPU
		Release|Any CPU = Release|Any CPU
	EndGlobalSection
	GlobalSection(ProjectConfigurationPlatforms) = postSolution
		{DF36CC49-9EFC-41B2-82C5-30399ABAC27D}.Debug|Any CPU.ActiveCfg = Debug|Any CPU
		{DF36CC49-9EFC-41B2-82C5-30399ABAC27D}.Debug|Any CPU.Build.0 = Debug|Any CPU
		{DF36CC49-9EFC-41B2-82C5-30399ABAC27D}.Release|Any CPU.ActiveCfg = Release|Any CPU
		{DF36CC49-9EFC-41B2-82C5-30399ABAC27D}.Release|Any CPU.Build.0 = Release|Any CPU
	EndGlobalSection
	GlobalSection(SolutionProperties) = preSolution
		HideSolutionNode = FALSE
	EndGlobalSection
	GlobalSection(ExtensibilityGlobals) = postSolution
		SolutionGuid = {3F540D3A-F4CC-4E80-BC75-6FE87194072E}
	EndGlobalSection
EndGlobal
